
Microsoft Visual Studio Solution File, Format Version 12.00
# Visual Studio 14
VisualStudioVersion = 14.0.24720.0
MinimumVisualStudioVersion = 10.0.40219.1
Project("{FAE04EC0-301F-11D3-BF4B-00C04F79EFBC}") = "LoggerConsoleApplication", "LoggerConsoleApplication\LoggerConsoleApplication.csproj", "{978E94C5-FF4C-4738-9F3F-2C12EF040434}"
EndProject
Project("{FAE04EC0-301F-11D3-BF4B-00C04F79EFBC}") = "LoggerConsoleApplication.Tests", "LoggerConsoleApplication.Tests\LoggerConsoleApplication.Tests.csproj", "{EFC2ABCD-4BCF-4DE2-AE45-03A69EE1E11F}"
EndProject
Global
	GlobalSection(SolutionConfigurationPlatforms) = preSolution
		Debug|Any CPU = Debug|Any CPU
		Release|Any CPU = Release|Any CPU
	EndGlobalSection
	GlobalSection(ProjectConfigurationPlatforms) = postSolution
		{978E94C5-FF4C-4738-9F3F-2C12EF040434}.Debug|Any CPU.ActiveCfg = Debug|Any CPU
		{978E94C5-FF4C-4738-9F3F-2C12EF040434}.Debug|Any CPU.Build.0 = Debug|Any CPU
		{978E94C5-FF4C-4738-9F3F-2C12EF040434}.Release|Any CPU.ActiveCfg = Release|Any CPU
		{978E94C5-FF4C-4738-9F3F-2C12EF040434}.Release|Any CPU.Build.0 = Release|Any CPU
		{EFC2ABCD-4BCF-4DE2-AE45-03A69EE1E11F}.Debug|Any CPU.ActiveCfg = Debug|Any CPU
		{EFC2ABCD-4BCF-4DE2-AE45-03A69EE1E11F}.Debug|Any CPU.Build.0 = Debug|Any CPU
		{EFC2ABCD-4BCF-4DE2-AE45-03A69EE1E11F}.Release|Any CPU.ActiveCfg = Release|Any CPU
		{EFC2ABCD-4BCF-4DE2-AE45-03A69EE1E11F}.Release|Any CPU.Build.0 = Release|Any CPU
	EndGlobalSection
	GlobalSection(SolutionProperties) = preSolution
		HideSolutionNode = FALSE
	EndGlobalSection
EndGlobal
